
Microsoft Visual Studio Solution File, Format Version 12.00
# Visual Studio 15
VisualStudioVersion = 15.0.28307.1585
MinimumVisualStudioVersion = 10.0.40219.1
Project("{FAE04EC0-301F-11D3-BF4B-00C04F79EFBC}") = "CreatePOM", "CreatePOM\CreatePOM.csproj", "{2204BFEF-2868-4B29-903C-06F21575636A}"
EndProject
Global
	GlobalSection(SolutionConfigurationPlatforms) = preSolution
		Debug|Any CPU = Debug|Any CPU
		Release|Any CPU = Release|Any CPU
	EndGlobalSection
	GlobalSection(ProjectConfigurationPlatforms) = postSolution
		{2204BFEF-2868-4B29-903C-06F21575636A}.Debug|Any CPU.ActiveCfg = Debug|Any CPU
		{2204BFEF-2868-4B29-903C-06F21575636A}.Debug|Any CPU.Build.0 = Debug|Any CPU
		{2204BFEF-2868-4B29-903C-06F21575636A}.Release|Any CPU.ActiveCfg = Release|Any CPU
		{2204BFEF-2868-4B29-903C-06F21575636A}.Release|Any CPU.Build.0 = Release|Any CPU
	EndGlobalSection
	GlobalSection(SolutionProperties) = preSolution
		HideSolutionNode = FALSE
	EndGlobalSection
	GlobalSection(ExtensibilityGlobals) = postSolution
		SolutionGuid = {C845377C-8AE1-44D6-B00C-90DF5CF28AC1}
	EndGlobalSection
EndGlobal
